
Microsoft Visual Studio Solution File, Format Version 12.00
# Visual Studio Version 17
VisualStudioVersion = 17.4.33213.308
MinimumVisualStudioVersion = 10.0.40219.1
Project("{FAE04EC0-301F-11D3-BF4B-00C04F79EFBC}") = "MiniProjet", "MiniProjet\MiniProjet.csproj", "{E7618FCF-B208-424B-8378-B2827F4FC83A}"
EndProject
Global
	GlobalSection(SolutionConfigurationPlatforms) = preSolution
		Debug|Any CPU = Debug|Any CPU
		Release|Any CPU = Release|Any CPU
	EndGlobalSection
	GlobalSection(ProjectConfigurationPlatforms) = postSolution
		{E7618FCF-B208-424B-8378-B2827F4FC83A}.Debug|Any CPU.ActiveCfg = Debug|Any CPU
		{E7618FCF-B208-424B-8378-B2827F4FC83A}.Debug|Any CPU.Build.0 = Debug|Any CPU
		{E7618FCF-B208-424B-8378-B2827F4FC83A}.Release|Any CPU.ActiveCfg = Release|Any CPU
		{E7618FCF-B208-424B-8378-B2827F4FC83A}.Release|Any CPU.Build.0 = Release|Any CPU
	EndGlobalSection
	GlobalSection(SolutionProperties) = preSolution
		HideSolutionNode = FALSE
	EndGlobalSection
	GlobalSection(ExtensibilityGlobals) = postSolution
		SolutionGuid = {59EBB62F-7DFB-49D6-BF93-18458D756CE1}
	EndGlobalSection
EndGlobal
